// !$*UTF8*$!
{
	archiveVersion = 1;
	classes = {
	};
	objectVersion = 51;
	objects = {

/* Begin PBXBuildFile section */
		0EBD86B935AE88BEED24321E /* Pods_Dictionary.framework in Frameworks */ = {isa = PBXBuildFile; fileRef = 23DF474F15C270CFCE07ABE9 /* Pods_Dictionary.framework */; };
		1F11EBB423F69FE400A07CEE /* AppDelegate.swift in Sources */ = {isa = PBXBuildFile; fileRef = 1F11EBB323F69FE400A07CEE /* AppDelegate.swift */; };
		1F11EBB623F69FE400A07CEE /* SceneDelegate.swift in Sources */ = {isa = PBXBuildFile; fileRef = 1F11EBB523F69FE400A07CEE /* SceneDelegate.swift */; };
		1F11EBB823F69FE400A07CEE /* WordsSearchViewController.swift in Sources */ = {isa = PBXBuildFile; fileRef = 1F11EBB723F69FE400A07CEE /* WordsSearchViewController.swift */; };
		1F11EBBB23F69FE400A07CEE /* Main.storyboard in Resources */ = {isa = PBXBuildFile; fileRef = 1F11EBB923F69FE400A07CEE /* Main.storyboard */; };
		1F11EBBD23F69FE800A07CEE /* Assets.xcassets in Resources */ = {isa = PBXBuildFile; fileRef = 1F11EBBC23F69FE800A07CEE /* Assets.xcassets */; };
		1F11EBC023F69FE800A07CEE /* LaunchScreen.storyboard in Resources */ = {isa = PBXBuildFile; fileRef = 1F11EBBE23F69FE800A07CEE /* LaunchScreen.storyboard */; };
		1F11EBCB23F69FE800A07CEE /* DictionaryTests.swift in Sources */ = {isa = PBXBuildFile; fileRef = 1F11EBCA23F69FE800A07CEE /* DictionaryTests.swift */; };
		1F11EBD623F69FE800A07CEE /* DictionaryUITests.swift in Sources */ = {isa = PBXBuildFile; fileRef = 1F11EBD523F69FE800A07CEE /* DictionaryUITests.swift */; };
		1F11EBE923F6CDBE00A07CEE /* UIViewController+Extension.swift in Sources */ = {isa = PBXBuildFile; fileRef = 1F11EBE823F6CDBE00A07CEE /* UIViewController+Extension.swift */; };
		1F11EBEE23F6E99300A07CEE /* WordTableViewCell.swift in Sources */ = {isa = PBXBuildFile; fileRef = 1F11EBEC23F6E99300A07CEE /* WordTableViewCell.swift */; };
		1F11EBEF23F6E99300A07CEE /* WordTableViewCell.xib in Resources */ = {isa = PBXBuildFile; fileRef = 1F11EBED23F6E99300A07CEE /* WordTableViewCell.xib */; };
		1F1F082323FA6D510035BB79 /* MyMultilineTextField.swift in Sources */ = {isa = PBXBuildFile; fileRef = 1F1F082223FA6D510035BB79 /* MyMultilineTextField.swift */; };
		1F68C65923F7BBE300D0E8B2 /* SynonymCollectionViewCell.swift in Sources */ = {isa = PBXBuildFile; fileRef = 1F68C65723F7BBE300D0E8B2 /* SynonymCollectionViewCell.swift */; };
		1F68C65A23F7BBE300D0E8B2 /* SynonymCollectionViewCell.xib in Resources */ = {isa = PBXBuildFile; fileRef = 1F68C65823F7BBE300D0E8B2 /* SynonymCollectionViewCell.xib */; };
		1F68C65E23F92BF500D0E8B2 /* AddWordViewController.swift in Sources */ = {isa = PBXBuildFile; fileRef = 1F68C65D23F92BF500D0E8B2 /* AddWordViewController.swift */; };
		1F9EBC0223FC12DD00F955FC /* WordsService.swift in Sources */ = {isa = PBXBuildFile; fileRef = 1F9EBC0123FC12DD00F955FC /* WordsService.swift */; };
		1F9EBC0423FC138B00F955FC /* BaseService.swift in Sources */ = {isa = PBXBuildFile; fileRef = 1F9EBC0323FC138B00F955FC /* BaseService.swift */; };
		1F9EBC0723FC2A6C00F955FC /* WordsViewModel.swift in Sources */ = {isa = PBXBuildFile; fileRef = 1F9EBC0623FC2A6C00F955FC /* WordsViewModel.swift */; };
		1FE72AA02402B53D00102E9D /* Utils.swift in Sources */ = {isa = PBXBuildFile; fileRef = 1FE72A9F2402B53D00102E9D /* Utils.swift */; };
/* End PBXBuildFile section */

/* Begin PBXContainerItemProxy section */
		1F11EBC723F69FE800A07CEE /* PBXContainerItemProxy */ = {
			isa = PBXContainerItemProxy;
			containerPortal = 1F11EBA823F69FE300A07CEE /* Project object */;
			proxyType = 1;
			remoteGlobalIDString = 1F11EBAF23F69FE300A07CEE;
			remoteInfo = Dictionary;
		};
		1F11EBD223F69FE800A07CEE /* PBXContainerItemProxy */ = {
			isa = PBXContainerItemProxy;
			containerPortal = 1F11EBA823F69FE300A07CEE /* Project object */;
			proxyType = 1;
			remoteGlobalIDString = 1F11EBAF23F69FE300A07CEE;
			remoteInfo = Dictionary;
		};
/* End PBXContainerItemProxy section */

/* Begin PBXFileReference section */
		1F11EBB023F69FE400A07CEE /* Dictionary.app */ = {isa = PBXFileReference; explicitFileType = wrapper.application; includeInIndex = 0; path = Dictionary.app; sourceTree = BUILT_PRODUCTS_DIR; };
		1F11EBB323F69FE400A07CEE /* AppDelegate.swift */ = {isa = PBXFileReference; lastKnownFileType = sourcecode.swift; path = AppDelegate.swift; sourceTree = "<group>"; };
		1F11EBB523F69FE400A07CEE /* SceneDelegate.swift */ = {isa = PBXFileReference; lastKnownFileType = sourcecode.swift; path = SceneDelegate.swift; sourceTree = "<group>"; };
		1F11EBB723F69FE400A07CEE /* WordsSearchViewController.swift */ = {isa = PBXFileReference; lastKnownFileType = sourcecode.swift; path = WordsSearchViewController.swift; sourceTree = "<group>"; };
		1F11EBBA23F69FE400A07CEE /* Base */ = {isa = PBXFileReference; lastKnownFileType = file.storyboard; name = Base; path = Base.lproj/Main.storyboard; sourceTree = "<group>"; };
		1F11EBBC23F69FE800A07CEE /* Assets.xcassets */ = {isa = PBXFileReference; lastKnownFileType = folder.assetcatalog; path = Assets.xcassets; sourceTree = "<group>"; };
		1F11EBBF23F69FE800A07CEE /* Base */ = {isa = PBXFileReference; lastKnownFileType = file.storyboard; name = Base; path = Base.lproj/LaunchScreen.storyboard; sourceTree = "<group>"; };
		1F11EBC123F69FE800A07CEE /* Info.plist */ = {isa = PBXFileReference; lastKnownFileType = text.plist.xml; path = Info.plist; sourceTree = "<group>"; };
		1F11EBC623F69FE800A07CEE /* DictionaryTests.xctest */ = {isa = PBXFileReference; explicitFileType = wrapper.cfbundle; includeInIndex = 0; path = DictionaryTests.xctest; sourceTree = BUILT_PRODUCTS_DIR; };
		1F11EBCA23F69FE800A07CEE /* DictionaryTests.swift */ = {isa = PBXFileReference; lastKnownFileType = sourcecode.swift; path = DictionaryTests.swift; sourceTree = "<group>"; };
		1F11EBCC23F69FE800A07CEE /* Info.plist */ = {isa = PBXFileReference; lastKnownFileType = text.plist.xml; path = Info.plist; sourceTree = "<group>"; };
		1F11EBD123F69FE800A07CEE /* DictionaryUITests.xctest */ = {isa = PBXFileReference; explicitFileType = wrapper.cfbundle; includeInIndex = 0; path = DictionaryUITests.xctest; sourceTree = BUILT_PRODUCTS_DIR; };
		1F11EBD523F69FE800A07CEE /* DictionaryUITests.swift */ = {isa = PBXFileReference; lastKnownFileType = sourcecode.swift; path = DictionaryUITests.swift; sourceTree = "<group>"; };
		1F11EBD723F69FE800A07CEE /* Info.plist */ = {isa = PBXFileReference; lastKnownFileType = text.plist.xml; path = Info.plist; sourceTree = "<group>"; };
		1F11EBE823F6CDBE00A07CEE /* UIViewController+Extension.swift */ = {isa = PBXFileReference; lastKnownFileType = sourcecode.swift; path = "UIViewController+Extension.swift"; sourceTree = "<group>"; };
		1F11EBEC23F6E99300A07CEE /* WordTableViewCell.swift */ = {isa = PBXFileReference; lastKnownFileType = sourcecode.swift; path = WordTableViewCell.swift; sourceTree = "<group>"; };
		1F11EBED23F6E99300A07CEE /* WordTableViewCell.xib */ = {isa = PBXFileReference; lastKnownFileType = file.xib; path = WordTableViewCell.xib; sourceTree = "<group>"; };
		1F1F082223FA6D510035BB79 /* MyMultilineTextField.swift */ = {isa = PBXFileReference; lastKnownFileType = sourcecode.swift; path = MyMultilineTextField.swift; sourceTree = "<group>"; };
		1F68C65723F7BBE300D0E8B2 /* SynonymCollectionViewCell.swift */ = {isa = PBXFileReference; lastKnownFileType = sourcecode.swift; path = SynonymCollectionViewCell.swift; sourceTree = "<group>"; };
		1F68C65823F7BBE300D0E8B2 /* SynonymCollectionViewCell.xib */ = {isa = PBXFileReference; lastKnownFileType = file.xib; path = SynonymCollectionViewCell.xib; sourceTree = "<group>"; };
		1F68C65D23F92BF500D0E8B2 /* AddWordViewController.swift */ = {isa = PBXFileReference; lastKnownFileType = sourcecode.swift; path = AddWordViewController.swift; sourceTree = "<group>"; };
		1F9EBC0123FC12DD00F955FC /* WordsService.swift */ = {isa = PBXFileReference; lastKnownFileType = sourcecode.swift; path = WordsService.swift; sourceTree = "<group>"; };
		1F9EBC0323FC138B00F955FC /* BaseService.swift */ = {isa = PBXFileReference; lastKnownFileType = sourcecode.swift; path = BaseService.swift; sourceTree = "<group>"; };
		1F9EBC0623FC2A6C00F955FC /* WordsViewModel.swift */ = {isa = PBXFileReference; lastKnownFileType = sourcecode.swift; path = WordsViewModel.swift; sourceTree = "<group>"; };
		1FE72A9F2402B53D00102E9D /* Utils.swift */ = {isa = PBXFileReference; lastKnownFileType = sourcecode.swift; path = Utils.swift; sourceTree = "<group>"; };
		23DF474F15C270CFCE07ABE9 /* Pods_Dictionary.framework */ = {isa = PBXFileReference; explicitFileType = wrapper.framework; includeInIndex = 0; path = Pods_Dictionary.framework; sourceTree = BUILT_PRODUCTS_DIR; };
		51F23C788CA924194EA53F4A /* Pods-Dictionary.debug.xcconfig */ = {isa = PBXFileReference; includeInIndex = 1; lastKnownFileType = text.xcconfig; name = "Pods-Dictionary.debug.xcconfig"; path = "Target Support Files/Pods-Dictionary/Pods-Dictionary.debug.xcconfig"; sourceTree = "<group>"; };
		5E29424E864C81EDA359F59F /* Pods-Dictionary.release.xcconfig */ = {isa = PBXFileReference; includeInIndex = 1; lastKnownFileType = text.xcconfig; name = "Pods-Dictionary.release.xcconfig"; path = "Target Support Files/Pods-Dictionary/Pods-Dictionary.release.xcconfig"; sourceTree = "<group>"; };
/* End PBXFileReference section */

/* Begin PBXFrameworksBuildPhase section */
		1F11EBAD23F69FE300A07CEE /* Frameworks */ = {
			isa = PBXFrameworksBuildPhase;
			buildActionMask = 2147483647;
			files = (
				0EBD86B935AE88BEED24321E /* Pods_Dictionary.framework in Frameworks */,
			);
			runOnlyForDeploymentPostprocessing = 0;
		};
		1F11EBC323F69FE800A07CEE /* Frameworks */ = {
			isa = PBXFrameworksBuildPhase;
			buildActionMask = 2147483647;
			files = (
			);
			runOnlyForDeploymentPostprocessing = 0;
		};
		1F11EBCE23F69FE800A07CEE /* Frameworks */ = {
			isa = PBXFrameworksBuildPhase;
			buildActionMask = 2147483647;
			files = (
			);
			runOnlyForDeploymentPostprocessing = 0;
		};
/* End PBXFrameworksBuildPhase section */

/* Begin PBXGroup section */
		1F11EBA723F69FE300A07CEE = {
			isa = PBXGroup;
			children = (
				1F11EBB223F69FE400A07CEE /* Dictionary */,
				1F11EBC923F69FE800A07CEE /* DictionaryTests */,
				1F11EBD423F69FE800A07CEE /* DictionaryUITests */,
				1F11EBB123F69FE400A07CEE /* Products */,
				75B8A27921B1A8B1A13675B7 /* Pods */,
				AB46E91CD6F3115248AB7316 /* Frameworks */,
			);
			sourceTree = "<group>";
		};
		1F11EBB123F69FE400A07CEE /* Products */ = {
			isa = PBXGroup;
			children = (
				1F11EBB023F69FE400A07CEE /* Dictionary.app */,
				1F11EBC623F69FE800A07CEE /* DictionaryTests.xctest */,
				1F11EBD123F69FE800A07CEE /* DictionaryUITests.xctest */,
			);
			name = Products;
			sourceTree = "<group>";
		};
		1F11EBB223F69FE400A07CEE /* Dictionary */ = {
			isa = PBXGroup;
			children = (
				1F1F082123FA6CE50035BB79 /* Common */,
				1F11EBE723F6AC1E00A07CEE /* Extensions */,
				1F11EBE523F6A82800A07CEE /* Services */,
				1F11EBE423F6A81800A07CEE /* Interactors */,
				1F11EBE323F6A80700A07CEE /* Components */,
				1F11EBB323F69FE400A07CEE /* AppDelegate.swift */,
				1F11EBB523F69FE400A07CEE /* SceneDelegate.swift */,
				1F11EBB923F69FE400A07CEE /* Main.storyboard */,
				1F11EBBC23F69FE800A07CEE /* Assets.xcassets */,
				1F11EBBE23F69FE800A07CEE /* LaunchScreen.storyboard */,
				1F11EBC123F69FE800A07CEE /* Info.plist */,
			);
			path = Dictionary;
			sourceTree = "<group>";
		};
		1F11EBC923F69FE800A07CEE /* DictionaryTests */ = {
			isa = PBXGroup;
			children = (
				1F11EBCA23F69FE800A07CEE /* DictionaryTests.swift */,
				1F11EBCC23F69FE800A07CEE /* Info.plist */,
			);
			path = DictionaryTests;
			sourceTree = "<group>";
		};
		1F11EBD423F69FE800A07CEE /* DictionaryUITests */ = {
			isa = PBXGroup;
			children = (
				1F11EBD523F69FE800A07CEE /* DictionaryUITests.swift */,
				1F11EBD723F69FE800A07CEE /* Info.plist */,
			);
			path = DictionaryUITests;
			sourceTree = "<group>";
		};
		1F11EBE323F6A80700A07CEE /* Components */ = {
			isa = PBXGroup;
			children = (
				1F68C65B23F92B8D00D0E8B2 /* AddWords */,
				1F11EBE623F6A84B00A07CEE /* WordsList */,
			);
			path = Components;
			sourceTree = "<group>";
		};
		1F11EBE423F6A81800A07CEE /* Interactors */ = {
			isa = PBXGroup;
			children = (
			);
			path = Interactors;
			sourceTree = "<group>";
		};
		1F11EBE523F6A82800A07CEE /* Services */ = {
			isa = PBXGroup;
			children = (
				1F9EBC0123FC12DD00F955FC /* WordsService.swift */,
				1F9EBC0323FC138B00F955FC /* BaseService.swift */,
			);
			path = Services;
			sourceTree = "<group>";
		};
		1F11EBE623F6A84B00A07CEE /* WordsList */ = {
			isa = PBXGroup;
			children = (
				1F9EBC0523FC2A1C00F955FC /* ViewModel */,
				1F11EBEB23F6E95900A07CEE /* Cells */,
				1F11EBEA23F6E94F00A07CEE /* Views */,
			);
			path = WordsList;
			sourceTree = "<group>";
		};
		1F11EBE723F6AC1E00A07CEE /* Extensions */ = {
			isa = PBXGroup;
			children = (
				1F11EBE823F6CDBE00A07CEE /* UIViewController+Extension.swift */,
			);
			path = Extensions;
			sourceTree = "<group>";
		};
		1F11EBEA23F6E94F00A07CEE /* Views */ = {
			isa = PBXGroup;
			children = (
				1F11EBB723F69FE400A07CEE /* WordsSearchViewController.swift */,
			);
			path = Views;
			sourceTree = "<group>";
		};
		1F11EBEB23F6E95900A07CEE /* Cells */ = {
			isa = PBXGroup;
			children = (
				1F11EBEC23F6E99300A07CEE /* WordTableViewCell.swift */,
				1F11EBED23F6E99300A07CEE /* WordTableViewCell.xib */,
				1F68C65723F7BBE300D0E8B2 /* SynonymCollectionViewCell.swift */,
				1F68C65823F7BBE300D0E8B2 /* SynonymCollectionViewCell.xib */,
			);
			path = Cells;
			sourceTree = "<group>";
		};
		1F1F082123FA6CE50035BB79 /* Common */ = {
			isa = PBXGroup;
			children = (
				1F1F082223FA6D510035BB79 /* MyMultilineTextField.swift */,
				1FE72A9F2402B53D00102E9D /* Utils.swift */,
			);
			path = Common;
			sourceTree = "<group>";
		};
		1F68C65B23F92B8D00D0E8B2 /* AddWords */ = {
			isa = PBXGroup;
			children = (
				1F68C65C23F92BA600D0E8B2 /* Views */,
			);
			path = AddWords;
			sourceTree = "<group>";
		};
		1F68C65C23F92BA600D0E8B2 /* Views */ = {
			isa = PBXGroup;
			children = (
				1F68C65D23F92BF500D0E8B2 /* AddWordViewController.swift */,
			);
			path = Views;
			sourceTree = "<group>";
		};
		1F9EBC0523FC2A1C00F955FC /* ViewModel */ = {
			isa = PBXGroup;
			children = (
				1F9EBC0623FC2A6C00F955FC /* WordsViewModel.swift */,
			);
			path = ViewModel;
			sourceTree = "<group>";
		};
		75B8A27921B1A8B1A13675B7 /* Pods */ = {
			isa = PBXGroup;
			children = (
				51F23C788CA924194EA53F4A /* Pods-Dictionary.debug.xcconfig */,
				5E29424E864C81EDA359F59F /* Pods-Dictionary.release.xcconfig */,
			);
			path = Pods;
			sourceTree = "<group>";
		};
		AB46E91CD6F3115248AB7316 /* Frameworks */ = {
			isa = PBXGroup;
			children = (
				23DF474F15C270CFCE07ABE9 /* Pods_Dictionary.framework */,
			);
			name = Frameworks;
			sourceTree = "<group>";
		};
/* End PBXGroup section */

/* Begin PBXNativeTarget section */
		1F11EBAF23F69FE300A07CEE /* Dictionary */ = {
			isa = PBXNativeTarget;
			buildConfigurationList = 1F11EBDA23F69FE800A07CEE /* Build configuration list for PBXNativeTarget "Dictionary" */;
			buildPhases = (
				B624D28CCB8071FA83DB16E3 /* [CP] Check Pods Manifest.lock */,
				1F11EBAC23F69FE300A07CEE /* Sources */,
				1F11EBAD23F69FE300A07CEE /* Frameworks */,
				1F11EBAE23F69FE300A07CEE /* Resources */,
				EE0F402A0D88A04BD46A273B /* [CP] Embed Pods Frameworks */,
			);
			buildRules = (
			);
			dependencies = (
			);
			name = Dictionary;
			productName = Dictionary;
			productReference = 1F11EBB023F69FE400A07CEE /* Dictionary.app */;
			productType = "com.apple.product-type.application";
		};
		1F11EBC523F69FE800A07CEE /* DictionaryTests */ = {
			isa = PBXNativeTarget;
			buildConfigurationList = 1F11EBDD23F69FE800A07CEE /* Build configuration list for PBXNativeTarget "DictionaryTests" */;
			buildPhases = (
				1F11EBC223F69FE800A07CEE /* Sources */,
				1F11EBC323F69FE800A07CEE /* Frameworks */,
				1F11EBC423F69FE800A07CEE /* Resources */,
			);
			buildRules = (
			);
			dependencies = (
				1F11EBC823F69FE800A07CEE /* PBXTargetDependency */,
			);
			name = DictionaryTests;
			productName = DictionaryTests;
			productReference = 1F11EBC623F69FE800A07CEE /* DictionaryTests.xctest */;
			productType = "com.apple.product-type.bundle.unit-test";
		};
		1F11EBD023F69FE800A07CEE /* DictionaryUITests */ = {
			isa = PBXNativeTarget;
			buildConfigurationList = 1F11EBE023F69FE800A07CEE /* Build configuration list for PBXNativeTarget "DictionaryUITests" */;
			buildPhases = (
				1F11EBCD23F69FE800A07CEE /* Sources */,
				1F11EBCE23F69FE800A07CEE /* Frameworks */,
				1F11EBCF23F69FE800A07CEE /* Resources */,
			);
			buildRules = (
			);
			dependencies = (
				1F11EBD323F69FE800A07CEE /* PBXTargetDependency */,
			);
			name = DictionaryUITests;
			productName = DictionaryUITests;
			productReference = 1F11EBD123F69FE800A07CEE /* DictionaryUITests.xctest */;
			productType = "com.apple.product-type.bundle.ui-testing";
		};
/* End PBXNativeTarget section */

/* Begin PBXProject section */
		1F11EBA823F69FE300A07CEE /* Project object */ = {
			isa = PBXProject;
			attributes = {
				LastSwiftUpdateCheck = 1130;
				LastUpgradeCheck = 1130;
				ORGANIZATIONNAME = "Alen  Seferovic";
				TargetAttributes = {
					1F11EBAF23F69FE300A07CEE = {
						CreatedOnToolsVersion = 11.3;
					};
					1F11EBC523F69FE800A07CEE = {
						CreatedOnToolsVersion = 11.3;
						TestTargetID = 1F11EBAF23F69FE300A07CEE;
					};
					1F11EBD023F69FE800A07CEE = {
						CreatedOnToolsVersion = 11.3;
						TestTargetID = 1F11EBAF23F69FE300A07CEE;
					};
				};
			};
			buildConfigurationList = 1F11EBAB23F69FE300A07CEE /* Build configuration list for PBXProject "Dictionary" */;
			compatibilityVersion = "Xcode 9.3";
			developmentRegion = en;
			hasScannedForEncodings = 0;
			knownRegions = (
				en,
				Base,
			);
			mainGroup = 1F11EBA723F69FE300A07CEE;
			productRefGroup = 1F11EBB123F69FE400A07CEE /* Products */;
			projectDirPath = "";
			projectRoot = "";
			targets = (
				1F11EBAF23F69FE300A07CEE /* Dictionary */,
				1F11EBC523F69FE800A07CEE /* DictionaryTests */,
				1F11EBD023F69FE800A07CEE /* DictionaryUITests */,
			);
		};
/* End PBXProject section */

/* Begin PBXResourcesBuildPhase section */
		1F11EBAE23F69FE300A07CEE /* Resources */ = {
			isa = PBXResourcesBuildPhase;
			buildActionMask = 2147483647;
			files = (
				1F11EBC023F69FE800A07CEE /* LaunchScreen.storyboard in Resources */,
				1F11EBEF23F6E99300A07CEE /* WordTableViewCell.xib in Resources */,
				1F11EBBD23F69FE800A07CEE /* Assets.xcassets in Resources */,
				1F68C65A23F7BBE300D0E8B2 /* SynonymCollectionViewCell.xib in Resources */,
				1F11EBBB23F69FE400A07CEE /* Main.storyboard in Resources */,
			);
			runOnlyForDeploymentPostprocessing = 0;
		};
		1F11EBC423F69FE800A07CEE /* Resources */ = {
			isa = PBXResourcesBuildPhase;
			buildActionMask = 2147483647;
			files = (
			);
			runOnlyForDeploymentPostprocessing = 0;
		};
		1F11EBCF23F69FE800A07CEE /* Resources */ = {
			isa = PBXResourcesBuildPhase;
			buildActionMask = 2147483647;
			files = (
			);
			runOnlyForDeploymentPostprocessing = 0;
		};
/* End PBXResourcesBuildPhase section */

/* Begin PBXShellScriptBuildPhase section */
		B624D28CCB8071FA83DB16E3 /* [CP] Check Pods Manifest.lock */ = {
			isa = PBXShellScriptBuildPhase;
			buildActionMask = 2147483647;
			files = (
			);
			inputFileListPaths = (
			);
			inputPaths = (
				"${PODS_PODFILE_DIR_PATH}/Podfile.lock",
				"${PODS_ROOT}/Manifest.lock",
			);
			name = "[CP] Check Pods Manifest.lock";
			outputFileListPaths = (
			);
			outputPaths = (
				"$(DERIVED_FILE_DIR)/Pods-Dictionary-checkManifestLockResult.txt",
			);
			runOnlyForDeploymentPostprocessing = 0;
			shellPath = /bin/sh;
			shellScript = "diff \"${PODS_PODFILE_DIR_PATH}/Podfile.lock\" \"${PODS_ROOT}/Manifest.lock\" > /dev/null\nif [ $? != 0 ] ; then\n    # print error to STDERR\n    echo \"error: The sandbox is not in sync with the Podfile.lock. Run 'pod install' or update your CocoaPods installation.\" >&2\n    exit 1\nfi\n# This output is used by Xcode 'outputs' to avoid re-running this script phase.\necho \"SUCCESS\" > \"${SCRIPT_OUTPUT_FILE_0}\"\n";
			showEnvVarsInLog = 0;
		};
		EE0F402A0D88A04BD46A273B /* [CP] Embed Pods Frameworks */ = {
			isa = PBXShellScriptBuildPhase;
			buildActionMask = 2147483647;
			files = (
			);
			inputFileListPaths = (
				"${PODS_ROOT}/Target Support Files/Pods-Dictionary/Pods-Dictionary-frameworks-${CONFIGURATION}-input-files.xcfilelist",
			);
			name = "[CP] Embed Pods Frameworks";
			outputFileListPaths = (
				"${PODS_ROOT}/Target Support Files/Pods-Dictionary/Pods-Dictionary-frameworks-${CONFIGURATION}-output-files.xcfilelist",
			);
			runOnlyForDeploymentPostprocessing = 0;
			shellPath = /bin/sh;
			shellScript = "\"${PODS_ROOT}/Target Support Files/Pods-Dictionary/Pods-Dictionary-frameworks.sh\"\n";
			showEnvVarsInLog = 0;
		};
/* End PBXShellScriptBuildPhase section */

/* Begin PBXSourcesBuildPhase section */
		1F11EBAC23F69FE300A07CEE /* Sources */ = {
			isa = PBXSourcesBuildPhase;
			buildActionMask = 2147483647;
			files = (
				1F11EBEE23F6E99300A07CEE /* WordTableViewCell.swift in Sources */,
				1F11EBE923F6CDBE00A07CEE /* UIViewController+Extension.swift in Sources */,
				1F68C65E23F92BF500D0E8B2 /* AddWordViewController.swift in Sources */,
				1F9EBC0223FC12DD00F955FC /* WordsService.swift in Sources */,
				1F9EBC0723FC2A6C00F955FC /* WordsViewModel.swift in Sources */,
				1F11EBB823F69FE400A07CEE /* WordsSearchViewController.swift in Sources */,
				1F11EBB423F69FE400A07CEE /* AppDelegate.swift in Sources */,
				1F68C65923F7BBE300D0E8B2 /* SynonymCollectionViewCell.swift in Sources */,
				1F11EBB623F69FE400A07CEE /* SceneDelegate.swift in Sources */,
				1F9EBC0423FC138B00F955FC /* BaseService.swift in Sources */,
				1F1F082323FA6D510035BB79 /* MyMultilineTextField.swift in Sources */,
				1FE72AA02402B53D00102E9D /* Utils.swift in Sources */,
			);
			runOnlyForDeploymentPostprocessing = 0;
		};
		1F11EBC223F69FE800A07CEE /* Sources */ = {
			isa = PBXSourcesBuildPhase;
			buildActionMask = 2147483647;
			files = (
				1F11EBCB23F69FE800A07CEE /* DictionaryTests.swift in Sources */,
			);
			runOnlyForDeploymentPostprocessing = 0;
		};
		1F11EBCD23F69FE800A07CEE /* Sources */ = {
			isa = PBXSourcesBuildPhase;
			buildActionMask = 2147483647;
			files = (
				1F11EBD623F69FE800A07CEE /* DictionaryUITests.swift in Sources */,
			);
			runOnlyForDeploymentPostprocessing = 0;
		};
/* End PBXSourcesBuildPhase section */

/* Begin PBXTargetDependency section */
		1F11EBC823F69FE800A07CEE /* PBXTargetDependency */ = {
			isa = PBXTargetDependency;
			target = 1F11EBAF23F69FE300A07CEE /* Dictionary */;
			targetProxy = 1F11EBC723F69FE800A07CEE /* PBXContainerItemProxy */;
		};
		1F11EBD323F69FE800A07CEE /* PBXTargetDependency */ = {
			isa = PBXTargetDependency;
			target = 1F11EBAF23F69FE300A07CEE /* Dictionary */;
			targetProxy = 1F11EBD223F69FE800A07CEE /* PBXContainerItemProxy */;
		};
/* End PBXTargetDependency section */

/* Begin PBXVariantGroup section */
		1F11EBB923F69FE400A07CEE /* Main.storyboard */ = {
			isa = PBXVariantGroup;
			children = (
				1F11EBBA23F69FE400A07CEE /* Base */,
			);
			name = Main.storyboard;
			sourceTree = "<group>";
		};
		1F11EBBE23F69FE800A07CEE /* LaunchScreen.storyboard */ = {
			isa = PBXVariantGroup;
			children = (
				1F11EBBF23F69FE800A07CEE /* Base */,
			);
			name = LaunchScreen.storyboard;
			sourceTree = "<group>";
		};
/* End PBXVariantGroup section */

/* Begin XCBuildConfiguration section */
		1F11EBD823F69FE800A07CEE /* Debug */ = {
			isa = XCBuildConfiguration;
			buildSettings = {
				ALWAYS_SEARCH_USER_PATHS = NO;
				CLANG_ANALYZER_NONNULL = YES;
				CLANG_ANALYZER_NUMBER_OBJECT_CONVERSION = YES_AGGRESSIVE;
				CLANG_CXX_LANGUAGE_STANDARD = "gnu++14";
				CLANG_CXX_LIBRARY = "libc++";
				CLANG_ENABLE_MODULES = YES;
				CLANG_ENABLE_OBJC_ARC = YES;
				CLANG_ENABLE_OBJC_WEAK = YES;
				CLANG_WARN_BLOCK_CAPTURE_AUTORELEASING = YES;
				CLANG_WARN_BOOL_CONVERSION = YES;
				CLANG_WARN_COMMA = YES;
				CLANG_WARN_CONSTANT_CONVERSION = YES;
				CLANG_WARN_DEPRECATED_OBJC_IMPLEMENTATIONS = YES;
				CLANG_WARN_DIRECT_OBJC_ISA_USAGE = YES_ERROR;
				CLANG_WARN_DOCUMENTATION_COMMENTS = YES;
				CLANG_WARN_EMPTY_BODY = YES;
				CLANG_WARN_ENUM_CONVERSION = YES;
				CLANG_WARN_INFINITE_RECURSION = YES;
				CLANG_WARN_INT_CONVERSION = YES;
				CLANG_WARN_NON_LITERAL_NULL_CONVERSION = YES;
				CLANG_WARN_OBJC_IMPLICIT_RETAIN_SELF = YES;
				CLANG_WARN_OBJC_LITERAL_CONVERSION = YES;
				CLANG_WARN_OBJC_ROOT_CLASS = YES_ERROR;
				CLANG_WARN_RANGE_LOOP_ANALYSIS = YES;
				CLANG_WARN_STRICT_PROTOTYPES = YES;
				CLANG_WARN_SUSPICIOUS_MOVE = YES;
				CLANG_WARN_UNGUARDED_AVAILABILITY = YES_AGGRESSIVE;
				CLANG_WARN_UNREACHABLE_CODE = YES;
				CLANG_WARN__DUPLICATE_METHOD_MATCH = YES;
				COPY_PHASE_STRIP = NO;
				DEBUG_INFORMATION_FORMAT = dwarf;
				ENABLE_STRICT_OBJC_MSGSEND = YES;
				ENABLE_TESTABILITY = YES;
				GCC_C_LANGUAGE_STANDARD = gnu11;
				GCC_DYNAMIC_NO_PIC = NO;
				GCC_NO_COMMON_BLOCKS = YES;
				GCC_OPTIMIZATION_LEVEL = 0;
				GCC_PREPROCESSOR_DEFINITIONS = (
					"DEBUG=1",
					"$(inherited)",
				);
				GCC_WARN_64_TO_32_BIT_CONVERSION = YES;
				GCC_WARN_ABOUT_RETURN_TYPE = YES_ERROR;
				GCC_WARN_UNDECLARED_SELECTOR = YES;
				GCC_WARN_UNINITIALIZED_AUTOS = YES_AGGRESSIVE;
				GCC_WARN_UNUSED_FUNCTION = YES;
				GCC_WARN_UNUSED_VARIABLE = YES;
				IPHONEOS_DEPLOYMENT_TARGET = 13.2;
				MTL_ENABLE_DEBUG_INFO = INCLUDE_SOURCE;
				MTL_FAST_MATH = YES;
				ONLY_ACTIVE_ARCH = YES;
				SDKROOT = iphoneos;
				SWIFT_ACTIVE_COMPILATION_CONDITIONS = DEBUG;
				SWIFT_OPTIMIZATION_LEVEL = "-Onone";
			};
			name = Debug;
		};
		1F11EBD923F69FE800A07CEE /* Release */ = {
			isa = XCBuildConfiguration;
			buildSettings = {
				ALWAYS_SEARCH_USER_PATHS = NO;
				CLANG_ANALYZER_NONNULL = YES;
				CLANG_ANALYZER_NUMBER_OBJECT_CONVERSION = YES_AGGRESSIVE;
				CLANG_CXX_LANGUAGE_STANDARD = "gnu++14";
				CLANG_CXX_LIBRARY = "libc++";
				CLANG_ENABLE_MODULES = YES;
				CLANG_ENABLE_OBJC_ARC = YES;
				CLANG_ENABLE_OBJC_WEAK = YES;
				CLANG_WARN_BLOCK_CAPTURE_AUTORELEASING = YES;
				CLANG_WARN_BOOL_CONVERSION = YES;
				CLANG_WARN_COMMA = YES;
				CLANG_WARN_CONSTANT_CONVERSION = YES;
				CLANG_WARN_DEPRECATED_OBJC_IMPLEMENTATIONS = YES;
				CLANG_WARN_DIRECT_OBJC_ISA_USAGE = YES_ERROR;
				CLANG_WARN_DOCUMENTATION_COMMENTS = YES;
				CLANG_WARN_EMPTY_BODY = YES;
				CLANG_WARN_ENUM_CONVERSION = YES;
				CLANG_WARN_INFINITE_RECURSION = YES;
				CLANG_WARN_INT_CONVERSION = YES;
				CLANG_WARN_NON_LITERAL_NULL_CONVERSION = YES;
				CLANG_WARN_OBJC_IMPLICIT_RETAIN_SELF = YES;
				CLANG_WARN_OBJC_LITERAL_CONVERSION = YES;
				CLANG_WARN_OBJC_ROOT_CLASS = YES_ERROR;
				CLANG_WARN_RANGE_LOOP_ANALYSIS = YES;
				CLANG_WARN_STRICT_PROTOTYPES = YES;
				CLANG_WARN_SUSPICIOUS_MOVE = YES;
				CLANG_WARN_UNGUARDED_AVAILABILITY = YES_AGGRESSIVE;
				CLANG_WARN_UNREACHABLE_CODE = YES;
				CLANG_WARN__DUPLICATE_METHOD_MATCH = YES;
				COPY_PHASE_STRIP = NO;
				DEBUG_INFORMATION_FORMAT = "dwarf-with-dsym";
				ENABLE_NS_ASSERTIONS = NO;
				ENABLE_STRICT_OBJC_MSGSEND = YES;
				GCC_C_LANGUAGE_STANDARD = gnu11;
				GCC_NO_COMMON_BLOCKS = YES;
				GCC_WARN_64_TO_32_BIT_CONVERSION = YES;
				GCC_WARN_ABOUT_RETURN_TYPE = YES_ERROR;
				GCC_WARN_UNDECLARED_SELECTOR = YES;
				GCC_WARN_UNINITIALIZED_AUTOS = YES_AGGRESSIVE;
				GCC_WARN_UNUSED_FUNCTION = YES;
				GCC_WARN_UNUSED_VARIABLE = YES;
				IPHONEOS_DEPLOYMENT_TARGET = 13.2;
				MTL_ENABLE_DEBUG_INFO = NO;
				MTL_FAST_MATH = YES;
				SDKROOT = iphoneos;
				SWIFT_COMPILATION_MODE = wholemodule;
				SWIFT_OPTIMIZATION_LEVEL = "-O";
				VALIDATE_PRODUCT = YES;
			};
			name = Release;
		};
		1F11EBDB23F69FE800A07CEE /* Debug */ = {
			isa = XCBuildConfiguration;
			baseConfigurationReference = 51F23C788CA924194EA53F4A /* Pods-Dictionary.debug.xcconfig */;
			buildSettings = {
				ASSETCATALOG_COMPILER_APPICON_NAME = AppIcon;
				CODE_SIGN_STYLE = Automatic;
				DEVELOPMENT_TEAM = GLW4W5HJ9G;
				INFOPLIST_FILE = Dictionary/Info.plist;
				LD_RUNPATH_SEARCH_PATHS = (
					"$(inherited)",
					"@executable_path/Frameworks",
				);
				PRODUCT_BUNDLE_IDENTIFIER = "-2.Dictionary";
				PRODUCT_NAME = "$(TARGET_NAME)";
				SWIFT_VERSION = 5.0;
				TARGETED_DEVICE_FAMILY = "1,2";
			};
			name = Debug;
		};
		1F11EBDC23F69FE800A07CEE /* Release */ = {
			isa = XCBuildConfiguration;
			baseConfigurationReference = 5E29424E864C81EDA359F59F /* Pods-Dictionary.release.xcconfig */;
			buildSettings = {
				ASSETCATALOG_COMPILER_APPICON_NAME = AppIcon;
				CODE_SIGN_STYLE = Automatic;
				DEVELOPMENT_TEAM = GLW4W5HJ9G;
				INFOPLIST_FILE = Dictionary/Info.plist;
				LD_RUNPATH_SEARCH_PATHS = (
					"$(inherited)",
					"@executable_path/Frameworks",
				);
				PRODUCT_BUNDLE_IDENTIFIER = "-2.Dictionary";
				PRODUCT_NAME = "$(TARGET_NAME)";
				SWIFT_VERSION = 5.0;
				TARGETED_DEVICE_FAMILY = "1,2";
			};
			name = Release;
		};
		1F11EBDE23F69FE800A07CEE /* Debug */ = {
			isa = XCBuildConfiguration;
			buildSettings = {
				ALWAYS_EMBED_SWIFT_STANDARD_LIBRARIES = YES;
				BUNDLE_LOADER = "$(TEST_HOST)";
				CODE_SIGN_STYLE = Automatic;
				DEVELOPMENT_TEAM = GLW4W5HJ9G;
				INFOPLIST_FILE = DictionaryTests/Info.plist;
				IPHONEOS_DEPLOYMENT_TARGET = 13.2;
				LD_RUNPATH_SEARCH_PATHS = (
					"$(inherited)",
					"@executable_path/Frameworks",
					"@loader_path/Frameworks",
				);
				PRODUCT_BUNDLE_IDENTIFIER = "-2.DictionaryTests";
				PRODUCT_NAME = "$(TARGET_NAME)";
				SWIFT_VERSION = 5.0;
				TARGETED_DEVICE_FAMILY = "1,2";
				TEST_HOST = "$(BUILT_PRODUCTS_DIR)/Dictionary.app/Dictionary";
			};
			name = Debug;
		};
		1F11EBDF23F69FE800A07CEE /* Release */ = {
			isa = XCBuildConfiguration;
			buildSettings = {
				ALWAYS_EMBED_SWIFT_STANDARD_LIBRARIES = YES;
				BUNDLE_LOADER = "$(TEST_HOST)";
				CODE_SIGN_STYLE = Automatic;
				DEVELOPMENT_TEAM = GLW4W5HJ9G;
				INFOPLIST_FILE = DictionaryTests/Info.plist;
				IPHONEOS_DEPLOYMENT_TARGET = 13.2;
				LD_RUNPATH_SEARCH_PATHS = (
					"$(inherited)",
					"@executable_path/Frameworks",
					"@loader_path/Frameworks",
				);
				PRODUCT_BUNDLE_IDENTIFIER = "-2.DictionaryTests";
				PRODUCT_NAME = "$(TARGET_NAME)";
				SWIFT_VERSION = 5.0;
				TARGETED_DEVICE_FAMILY = "1,2";
				TEST_HOST = "$(BUILT_PRODUCTS_DIR)/Dictionary.app/Dictionary";
			};
			name = Release;
		};
		1F11EBE123F69FE800A07CEE /* Debug */ = {
			isa = XCBuildConfiguration;
			buildSettings = {
				ALWAYS_EMBED_SWIFT_STANDARD_LIBRARIES = YES;
				CODE_SIGN_STYLE = Automatic;
				DEVELOPMENT_TEAM = GLW4W5HJ9G;
				INFOPLIST_FILE = DictionaryUITests/Info.plist;
				LD_RUNPATH_SEARCH_PATHS = (
					"$(inherited)",
					"@executable_path/Frameworks",
					"@loader_path/Frameworks",
				);
				PRODUCT_BUNDLE_IDENTIFIER = "-2.DictionaryUITests";
				PRODUCT_NAME = "$(TARGET_NAME)";
				SWIFT_VERSION = 5.0;
				TARGETED_DEVICE_FAMILY = "1,2";
				TEST_TARGET_NAME = Dictionary;
			};
			name = Debug;
		};
		1F11EBE223F69FE800A07CEE /* Release */ = {
			isa = XCBuildConfiguration;
			buildSettings = {
				ALWAYS_EMBED_SWIFT_STANDARD_LIBRARIES = YES;
				CODE_SIGN_STYLE = Automatic;
				DEVELOPMENT_TEAM = GLW4W5HJ9G;
				INFOPLIST_FILE = DictionaryUITests/Info.plist;
				LD_RUNPATH_SEARCH_PATHS = (
					"$(inherited)",
					"@executable_path/Frameworks",
					"@loader_path/Frameworks",
				);
				PRODUCT_BUNDLE_IDENTIFIER = "-2.DictionaryUITests";
				PRODUCT_NAME = "$(TARGET_NAME)";
				SWIFT_VERSION = 5.0;
				TARGETED_DEVICE_FAMILY = "1,2";
				TEST_TARGET_NAME = Dictionary;
			};
			name = Release;
		};
/* End XCBuildConfiguration section */

/* Begin XCConfigurationList section */
		1F11EBAB23F69FE300A07CEE /* Build configuration list for PBXProject "Dictionary" */ = {
			isa = XCConfigurationList;
			buildConfigurations = (
				1F11EBD823F69FE800A07CEE /* Debug */,
				1F11EBD923F69FE800A07CEE /* Release */,
			);
			defaultConfigurationIsVisible = 0;
			defaultConfigurationName = Release;
		};
		1F11EBDA23F69FE800A07CEE /* Build configuration list for PBXNativeTarget "Dictionary" */ = {
			isa = XCConfigurationList;
			buildConfigurations = (
				1F11EBDB23F69FE800A07CEE /* Debug */,
				1F11EBDC23F69FE800A07CEE /* Release */,
			);
			defaultConfigurationIsVisible = 0;
			defaultConfigurationName = Release;
		};
		1F11EBDD23F69FE800A07CEE /* Build configuration list for PBXNativeTarget "DictionaryTests" */ = {
			isa = XCConfigurationList;
			buildConfigurations = (
				1F11EBDE23F69FE800A07CEE /* Debug */,
				1F11EBDF23F69FE800A07CEE /* Release */,
			);
			defaultConfigurationIsVisible = 0;
			defaultConfigurationName = Release;
		};
		1F11EBE023F69FE800A07CEE /* Build configuration list for PBXNativeTarget "DictionaryUITests" */ = {
			isa = XCConfigurationList;
			buildConfigurations = (
				1F11EBE123F69FE800A07CEE /* Debug */,
				1F11EBE223F69FE800A07CEE /* Release */,
			);
			defaultConfigurationIsVisible = 0;
			defaultConfigurationName = Release;
		};
/* End XCConfigurationList section */
	};
	rootObject = 1F11EBA823F69FE300A07CEE /* Project object */;
}
